# This file is automatically @generated by Cargo.
# It is not intended for manual editing.
version = 4

[[package]]
name = "rosetun-config"
version = "0.1.0"

[[package]]
name = "rosetun-core-engine"
version = "0.1.0"

[[package]]
name = "rosetun-engine-singbox"
version = "0.1.0"

[[package]]
name = "rosetun-engine-xray"
version = "0.1.0"

[[package]]
name = "rosetun-hwid"
version = "0.1.0"

[[package]]
name = "rosetun-ipc"
version = "0.1.0"

[[package]]
name = "rosetun-routing"
version = "0.1.0"
